
Microsoft Visual Studio Solution File, Format Version 12.00
# Visual Studio Version 17
VisualStudioVersion = 17.7.34009.444
MinimumVisualStudioVersion = 10.0.40219.1
Project("{FAE04EC0-301F-11D3-BF4B-00C04F79EFBC}") = "Employee_Exit", "Employee_Exit\Employee_Exit.csproj", "{EBE7F514-6D91-4CB5-A8CD-FD99E3438113}"
EndProject
Global
	GlobalSection(SolutionConfigurationPlatforms) = preSolution
		Debug|Any CPU = Debug|Any CPU
		Release|Any CPU = Release|Any CPU
	EndGlobalSection
	GlobalSection(ProjectConfigurationPlatforms) = postSolution
		{EBE7F514-6D91-4CB5-A8CD-FD99E3438113}.Debug|Any CPU.ActiveCfg = Debug|Any CPU
		{EBE7F514-6D91-4CB5-A8CD-FD99E3438113}.Debug|Any CPU.Build.0 = Debug|Any CPU
		{EBE7F514-6D91-4CB5-A8CD-FD99E3438113}.Release|Any CPU.ActiveCfg = Release|Any CPU
		{EBE7F514-6D91-4CB5-A8CD-FD99E3438113}.Release|Any CPU.Build.0 = Release|Any CPU
	EndGlobalSection
	GlobalSection(SolutionProperties) = preSolution
		HideSolutionNode = FALSE
	EndGlobalSection
	GlobalSection(ExtensibilityGlobals) = postSolution
		SolutionGuid = {F4399789-54AA-4D5B-8094-81488787273F}
	EndGlobalSection
EndGlobal
